Microsoft Visual Studio Solution File, Format Version 12.00
# Visual Studio Version 16
VisualStudioVersion = 16.0.29201.188
MinimumVisualStudioVersion = 16.0.29201.188
Project("{9A19103F-16F7-4668-BE54-9A1E7A4F7556}") = "Resourcer.Fody", "Resourcer.Fody\Resourcer.Fody.csproj", "{C3578A7B-09A6-4444-9383-0DEAFA4958BD}"
EndProject
Project("{9A19103F-16F7-4668-BE54-9A1E7A4F7556}") = "AssemblyToProcess", "AssemblyToProcess\AssemblyToProcess.csproj", "{7DEC4E2D-F872-434E-A267-0BAD65299950}"
EndProject
Project("{9A19103F-16F7-4668-BE54-9A1E7A4F7556}") = "Resourcer", "Resourcer\Resourcer.csproj", "{6F416A34-2476-4A6B-B613-F9B46781C00D}"
	ProjectSection(ProjectDependencies) = postProject
		{C3578A7B-09A6-4444-9383-0DEAFA4958BD} = {C3578A7B-09A6-4444-9383-0DEAFA4958BD}
	EndProjectSection
EndProject
Project("{9A19103F-16F7-4668-BE54-9A1E7A4F7556}") = "Template", "Template\Template.csproj", "{A9C5C7AF-09D1-44E0-BBF2-EBE325B93D50}"
EndProject
Project("{9A19103F-16F7-4668-BE54-9A1E7A4F7556}") = "LinkProject", "LinkProject\LinkProject.csproj", "{3FA20071-0A25-457A-8AFC-4417E70FB782}"
EndProject
Project("{9A19103F-16F7-4668-BE54-9A1E7A4F7556}") = "Tests", "Tests\Tests.csproj", "{B44325FB-EA2F-4A72-AB70-81C09C90FE4E}"
EndProject
Project("{2150E333-8FDC-42A3-9474-1A3956D46DE8}") = "Solution Items", "Solution Items", "{39E65FE8-B987-4067-8069-3DD91D7007B6}"
	ProjectSection(SolutionItems) = preProject
		Directory.Build.props = Directory.Build.props
		global.json = global.json
	EndProjectSection
EndProject
Global
	GlobalSection(SolutionConfigurationPlatforms) = preSolution
		Debug|Any CPU = Debug|Any CPU
		Debug|x86 = Debug|x86
		Release|Any CPU = Release|Any CPU
		Release|x86 = Release|x86
	EndGlobalSection
	GlobalSection(ProjectConfigurationPlatforms) = postSolution
		{C3578A7B-09A6-4444-9383-0DEAFA4958BD}.Debug|Any CPU.ActiveCfg = Debug|Any CPU
		{C3578A7B-09A6-4444-9383-0DEAFA4958BD}.Debug|Any CPU.Build.0 = Debug|Any CPU
		{C3578A7B-09A6-4444-9383-0DEAFA4958BD}.Debug|x86.ActiveCfg = Debug|Any CPU
		{C3578A7B-09A6-4444-9383-0DEAFA4958BD}.Release|Any CPU.ActiveCfg = Release|Any CPU
		{C3578A7B-09A6-4444-9383-0DEAFA4958BD}.Release|Any CPU.Build.0 = Release|Any CPU
		{C3578A7B-09A6-4444-9383-0DEAFA4958BD}.Release|x86.ActiveCfg = Release|Any CPU
		{7DEC4E2D-F872-434E-A267-0BAD65299950}.Debug|Any CPU.ActiveCfg = Debug|Any CPU
		{7DEC4E2D-F872-434E-A267-0BAD65299950}.Debug|Any CPU.Build.0 = Debug|Any CPU
		{7DEC4E2D-F872-434E-A267-0BAD65299950}.Debug|x86.ActiveCfg = Debug|Any CPU
		{7DEC4E2D-F872-434E-A267-0BAD65299950}.Release|Any CPU.ActiveCfg = Release|Any CPU
		{7DEC4E2D-F872-434E-A267-0BAD65299950}.Release|Any CPU.Build.0 = Release|Any CPU
		{7DEC4E2D-F872-434E-A267-0BAD65299950}.Release|x86.ActiveCfg = Release|Any CPU
		{6F416A34-2476-4A6B-B613-F9B46781C00D}.Debug|Any CPU.ActiveCfg = Debug|Any CPU
		{6F416A34-2476-4A6B-B613-F9B46781C00D}.Debug|Any CPU.Build.0 = Debug|Any CPU
		{6F416A34-2476-4A6B-B613-F9B46781C00D}.Debug|x86.ActiveCfg = Debug|Any CPU
		{6F416A34-2476-4A6B-B613-F9B46781C00D}.Release|Any CPU.ActiveCfg = Release|Any CPU
		{6F416A34-2476-4A6B-B613-F9B46781C00D}.Release|Any CPU.Build.0 = Release|Any CPU
		{6F416A34-2476-4A6B-B613-F9B46781C00D}.Release|x86.ActiveCfg = Release|Any CPU
		{A9C5C7AF-09D1-44E0-BBF2-EBE325B93D50}.Debug|Any CPU.ActiveCfg = Debug|Any CPU
		{A9C5C7AF-09D1-44E0-BBF2-EBE325B93D50}.Debug|Any CPU.Build.0 = Debug|Any CPU
		{A9C5C7AF-09D1-44E0-BBF2-EBE325B93D50}.Debug|x86.ActiveCfg = Debug|Any CPU
		{A9C5C7AF-09D1-44E0-BBF2-EBE325B93D50}.Release|Any CPU.ActiveCfg = Release|Any CPU
		{A9C5C7AF-09D1-44E0-BBF2-EBE325B93D50}.Release|Any CPU.Build.0 = Release|Any CPU
		{A9C5C7AF-09D1-44E0-BBF2-EBE325B93D50}.Release|x86.ActiveCfg = Release|Any CPU
		{3FA20071-0A25-457A-8AFC-4417E70FB782}.Debug|Any CPU.ActiveCfg = Debug|Any CPU
		{3FA20071-0A25-457A-8AFC-4417E70FB782}.Debug|Any CPU.Build.0 = Debug|Any CPU
		{3FA20071-0A25-457A-8AFC-4417E70FB782}.Debug|x86.ActiveCfg = Debug|Any CPU
		{3FA20071-0A25-457A-8AFC-4417E70FB782}.Release|Any CPU.ActiveCfg = Release|Any CPU
		{3FA20071-0A25-457A-8AFC-4417E70FB782}.Release|Any CPU.Build.0 = Release|Any CPU
		{3FA20071-0A25-457A-8AFC-4417E70FB782}.Release|x86.ActiveCfg = Release|Any CPU
		{B44325FB-EA2F-4A72-AB70-81C09C90FE4E}.Debug|Any CPU.ActiveCfg = Debug|Any CPU
		{B44325FB-EA2F-4A72-AB70-81C09C90FE4E}.Debug|Any CPU.Build.0 = Debug|Any CPU
		{B44325FB-EA2F-4A72-AB70-81C09C90FE4E}.Debug|x86.ActiveCfg = Debug|Any CPU
		{B44325FB-EA2F-4A72-AB70-81C09C90FE4E}.Debug|x86.Build.0 = Debug|Any CPU
		{B44325FB-EA2F-4A72-AB70-81C09C90FE4E}.Release|Any CPU.ActiveCfg = Release|Any CPU
		{B44325FB-EA2F-4A72-AB70-81C09C90FE4E}.Release|Any CPU.Build.0 = Release|Any CPU
		{B44325FB-EA2F-4A72-AB70-81C09C90FE4E}.Release|x86.ActiveCfg = Release|Any CPU
		{B44325FB-EA2F-4A72-AB70-81C09C90FE4E}.Release|x86.Build.0 = Release|Any CPU
	EndGlobalSection
	GlobalSection(SolutionProperties) = preSolution
		HideSolutionNode = FALSE
	EndGlobalSection
	GlobalSection(ExtensibilityGlobals) = postSolution
		SolutionGuid = {28CAD231-E2D3-4E73-B893-4597AD687C2C}
	EndGlobalSection
EndGlobal
